
Microsoft Visual Studio Solution File, Format Version 12.00
# Visual Studio Version 17
VisualStudioVersion = 17.14.36310.24
MinimumVisualStudioVersion = 10.0.40219.1
Project("{2150E333-8FDC-42A3-9474-1A3956D46DE8}") = "src", "src", "{02EA681E-C7D8-13C7-8484-4AC65E1B71E8}"
EndProject
Project("{2150E333-8FDC-42A3-9474-1A3956D46DE8}") = "tests", "tests", "{4CF30A8B-F72A-4014-8E86-7821D8595514}"
EndProject
Project("{FAE04EC0-301F-11D3-BF4B-00C04F79EFBC}") = "API", "API\API.csproj", "{3608A795-CAEC-49CF-A2F0-B901B1FCD7EC}"
EndProject
Project("{FAE04EC0-301F-11D3-BF4B-00C04F79EFBC}") = "Application", "Application\Application.csproj", "{B1799305-8380-4DDE-B9E3-AFC073969D83}"
EndProject
Project("{FAE04EC0-301F-11D3-BF4B-00C04F79EFBC}") = "Domain", "Domain\Domain.csproj", "{F67147FD-32A4-498C-AA0B-C832A580D0EB}"
EndProject
Project("{FAE04EC0-301F-11D3-BF4B-00C04F79EFBC}") = "Infrastructure", "Infrastructure\Infrastructure.csproj", "{ADF1CE77-B150-42F4-BE45-F58611F04CD2}"
EndProject
Project("{FAE04EC0-301F-11D3-BF4B-00C04F79EFBC}") = "Shared", "Shared\Shared.csproj", "{BE9626BC-0651-4B43-9433-4AC957DB893F}"
EndProject
Global
	GlobalSection(SolutionConfigurationPlatforms) = preSolution
		Debug|Any CPU = Debug|Any CPU
		Debug|x64 = Debug|x64
		Debug|x86 = Debug|x86
		Release|Any CPU = Release|Any CPU
		Release|x64 = Release|x64
		Release|x86 = Release|x86
	EndGlobalSection
	GlobalSection(ProjectConfigurationPlatforms) = postSolution
		{3608A795-CAEC-49CF-A2F0-B901B1FCD7EC}.Debug|Any CPU.ActiveCfg = Debug|Any CPU
		{3608A795-CAEC-49CF-A2F0-B901B1FCD7EC}.Debug|Any CPU.Build.0 = Debug|Any CPU
		{3608A795-CAEC-49CF-A2F0-B901B1FCD7EC}.Debug|x64.ActiveCfg = Debug|Any CPU
		{3608A795-CAEC-49CF-A2F0-B901B1FCD7EC}.Debug|x64.Build.0 = Debug|Any CPU
		{3608A795-CAEC-49CF-A2F0-B901B1FCD7EC}.Debug|x86.ActiveCfg = Debug|Any CPU
		{3608A795-CAEC-49CF-A2F0-B901B1FCD7EC}.Debug|x86.Build.0 = Debug|Any CPU
		{3608A795-CAEC-49CF-A2F0-B901B1FCD7EC}.Release|Any CPU.ActiveCfg = Release|Any CPU
		{3608A795-CAEC-49CF-A2F0-B901B1FCD7EC}.Release|Any CPU.Build.0 = Release|Any CPU
		{3608A795-CAEC-49CF-A2F0-B901B1FCD7EC}.Release|x64.ActiveCfg = Release|Any CPU
		{3608A795-CAEC-49CF-A2F0-B901B1FCD7EC}.Release|x64.Build.0 = Release|Any CPU
		{3608A795-CAEC-49CF-A2F0-B901B1FCD7EC}.Release|x86.ActiveCfg = Release|Any CPU
		{3608A795-CAEC-49CF-A2F0-B901B1FCD7EC}.Release|x86.Build.0 = Release|Any CPU
		{B1799305-8380-4DDE-B9E3-AFC073969D83}.Debug|Any CPU.ActiveCfg = Debug|Any CPU
		{B1799305-8380-4DDE-B9E3-AFC073969D83}.Debug|Any CPU.Build.0 = Debug|Any CPU
		{B1799305-8380-4DDE-B9E3-AFC073969D83}.Debug|x64.ActiveCfg = Debug|Any CPU
		{B1799305-8380-4DDE-B9E3-AFC073969D83}.Debug|x64.Build.0 = Debug|Any CPU
		{B1799305-8380-4DDE-B9E3-AFC073969D83}.Debug|x86.ActiveCfg = Debug|Any CPU
		{B1799305-8380-4DDE-B9E3-AFC073969D83}.Debug|x86.Build.0 = Debug|Any CPU
		{B1799305-8380-4DDE-B9E3-AFC073969D83}.Release|Any CPU.ActiveCfg = Release|Any CPU
		{B1799305-8380-4DDE-B9E3-AFC073969D83}.Release|Any CPU.Build.0 = Release|Any CPU
		{B1799305-8380-4DDE-B9E3-AFC073969D83}.Release|x64.ActiveCfg = Release|Any CPU
		{B1799305-8380-4DDE-B9E3-AFC073969D83}.Release|x64.Build.0 = Release|Any CPU
		{B1799305-8380-4DDE-B9E3-AFC073969D83}.Release|x86.ActiveCfg = Release|Any CPU
		{B1799305-8380-4DDE-B9E3-AFC073969D83}.Release|x86.Build.0 = Release|Any CPU
		{F67147FD-32A4-498C-AA0B-C832A580D0EB}.Debug|Any CPU.ActiveCfg = Debug|Any CPU
		{F67147FD-32A4-498C-AA0B-C832A580D0EB}.Debug|Any CPU.Build.0 = Debug|Any CPU
		{F67147FD-32A4-498C-AA0B-C832A580D0EB}.Debug|x64.ActiveCfg = Debug|Any CPU
		{F67147FD-32A4-498C-AA0B-C832A580D0EB}.Debug|x64.Build.0 = Debug|Any CPU
		{F67147FD-32A4-498C-AA0B-C832A580D0EB}.Debug|x86.ActiveCfg = Debug|Any CPU
		{F67147FD-32A4-498C-AA0B-C832A580D0EB}.Debug|x86.Build.0 = Debug|Any CPU
		{F67147FD-32A4-498C-AA0B-C832A580D0EB}.Release|Any CPU.ActiveCfg = Release|Any CPU
		{F67147FD-32A4-498C-AA0B-C832A580D0EB}.Release|Any CPU.Build.0 = Release|Any CPU
		{F67147FD-32A4-498C-AA0B-C832A580D0EB}.Release|x64.ActiveCfg = Release|Any CPU
		{F67147FD-32A4-498C-AA0B-C832A580D0EB}.Release|x64.Build.0 = Release|Any CPU
		{F67147FD-32A4-498C-AA0B-C832A580D0EB}.Release|x86.ActiveCfg = Release|Any CPU
		{F67147FD-32A4-498C-AA0B-C832A580D0EB}.Release|x86.Build.0 = Release|Any CPU
		{ADF1CE77-B150-42F4-BE45-F58611F04CD2}.Debug|Any CPU.ActiveCfg = Debug|Any CPU
		{ADF1CE77-B150-42F4-BE45-F58611F04CD2}.Debug|Any CPU.Build.0 = Debug|Any CPU
		{ADF1CE77-B150-42F4-BE45-F58611F04CD2}.Debug|x64.ActiveCfg = Debug|Any CPU
		{ADF1CE77-B150-42F4-BE45-F58611F04CD2}.Debug|x64.Build.0 = Debug|Any CPU
		{ADF1CE77-B150-42F4-BE45-F58611F04CD2}.Debug|x86.ActiveCfg = Debug|Any CPU
		{ADF1CE77-B150-42F4-BE45-F58611F04CD2}.Debug|x86.Build.0 = Debug|Any CPU
		{ADF1CE77-B150-42F4-BE45-F58611F04CD2}.Release|Any CPU.ActiveCfg = Release|Any CPU
		{ADF1CE77-B150-42F4-BE45-F58611F04CD2}.Release|Any CPU.Build.0 = Release|Any CPU
		{ADF1CE77-B150-42F4-BE45-F58611F04CD2}.Release|x64.ActiveCfg = Release|Any CPU
		{ADF1CE77-B150-42F4-BE45-F58611F04CD2}.Release|x64.Build.0 = Release|Any CPU
		{ADF1CE77-B150-42F4-BE45-F58611F04CD2}.Release|x86.ActiveCfg = Release|Any CPU
		{ADF1CE77-B150-42F4-BE45-F58611F04CD2}.Release|x86.Build.0 = Release|Any CPU
		{BE9626BC-0651-4B43-9433-4AC957DB893F}.Debug|Any CPU.ActiveCfg = Debug|Any CPU
		{BE9626BC-0651-4B43-9433-4AC957DB893F}.Debug|Any CPU.Build.0 = Debug|Any CPU
		{BE9626BC-0651-4B43-9433-4AC957DB893F}.Debug|x64.ActiveCfg = Debug|Any CPU
		{BE9626BC-0651-4B43-9433-4AC957DB893F}.Debug|x64.Build.0 = Debug|Any CPU
		{BE9626BC-0651-4B43-9433-4AC957DB893F}.Debug|x86.ActiveCfg = Debug|Any CPU
		{BE9626BC-0651-4B43-9433-4AC957DB893F}.Debug|x86.Build.0 = Debug|Any CPU
		{BE9626BC-0651-4B43-9433-4AC957DB893F}.Release|Any CPU.ActiveCfg = Release|Any CPU
		{BE9626BC-0651-4B43-9433-4AC957DB893F}.Release|Any CPU.Build.0 = Release|Any CPU
		{BE9626BC-0651-4B43-9433-4AC957DB893F}.Release|x64.ActiveCfg = Release|Any CPU
		{BE9626BC-0651-4B43-9433-4AC957DB893F}.Release|x64.Build.0 = Release|Any CPU
		{BE9626BC-0651-4B43-9433-4AC957DB893F}.Release|x86.ActiveCfg = Release|Any CPU
		{BE9626BC-0651-4B43-9433-4AC957DB893F}.Release|x86.Build.0 = Release|Any CPU
	EndGlobalSection
	GlobalSection(SolutionProperties) = preSolution
		HideSolutionNode = FALSE
	EndGlobalSection
	GlobalSection(NestedProjects) = preSolution
		{3608A795-CAEC-49CF-A2F0-B901B1FCD7EC} = {02EA681E-C7D8-13C7-8484-4AC65E1B71E8}
		{B1799305-8380-4DDE-B9E3-AFC073969D83} = {02EA681E-C7D8-13C7-8484-4AC65E1B71E8}
		{F67147FD-32A4-498C-AA0B-C832A580D0EB} = {02EA681E-C7D8-13C7-8484-4AC65E1B71E8}
		{ADF1CE77-B150-42F4-BE45-F58611F04CD2} = {02EA681E-C7D8-13C7-8484-4AC65E1B71E8}
		{BE9626BC-0651-4B43-9433-4AC957DB893F} = {02EA681E-C7D8-13C7-8484-4AC65E1B71E8}
	EndGlobalSection
	GlobalSection(ExtensibilityGlobals) = postSolution
		SolutionGuid = {978404D1-7E28-4958-A656-6066F3E250CC}
	EndGlobalSection
EndGlobal
